// !$*UTF8*$!
{
	archiveVersion = 1;
	classes = {
	};
	objectVersion = 46;
	objects = {

/* Begin PBXBuildFile section */
		303F360B205684C60071BD70 /* User.swift in Sources */ = {isa = PBXBuildFile; fileRef = 303F3609205684C50071BD70 /* User.swift */; };
		303F360C205684C60071BD70 /* Channel.swift in Sources */ = {isa = PBXBuildFile; fileRef = 303F360A205684C50071BD70 /* Channel.swift */; };
		303F3610205684D80071BD70 /* ChatViewController.swift in Sources */ = {isa = PBXBuildFile; fileRef = 303F360D205684D80071BD70 /* ChatViewController.swift */; };
		303F3611205684D80071BD70 /* ChannelListViewController.swift in Sources */ = {isa = PBXBuildFile; fileRef = 303F360E205684D80071BD70 /* ChannelListViewController.swift */; };
		303F3612205684D80071BD70 /* LoginViewController.swift in Sources */ = {isa = PBXBuildFile; fileRef = 303F360F205684D80071BD70 /* LoginViewController.swift */; };
		303F361E205685DC0071BD70 /* UIImage+Gif.swift in Sources */ = {isa = PBXBuildFile; fileRef = 303F3616205685DB0071BD70 /* UIImage+Gif.swift */; };
		303F361F205685DC0071BD70 /* GoogleService-Info.plist in Resources */ = {isa = PBXBuildFile; fileRef = 303F3617205685DB0071BD70 /* GoogleService-Info.plist */; };
		303F3620205685DC0071BD70 /* AppDelegate.swift in Sources */ = {isa = PBXBuildFile; fileRef = 303F3618205685DB0071BD70 /* AppDelegate.swift */; };
		303F3621205685DC0071BD70 /* AppConfig.swift in Sources */ = {isa = PBXBuildFile; fileRef = 303F3619205685DB0071BD70 /* AppConfig.swift */; };
		303F3622205685DC0071BD70 /* License in Resources */ = {isa = PBXBuildFile; fileRef = 303F361B205685DC0071BD70 /* License */; };
		3045B84A207BB8BF007F808F /* SearchUserTableViewController.swift in Sources */ = {isa = PBXBuildFile; fileRef = 3045B848207BB8BF007F808F /* SearchUserTableViewController.swift */; };
		3045B84D207BBEB0007F808F /* UserDetailViewController.swift in Sources */ = {isa = PBXBuildFile; fileRef = 3045B84C207BBEB0007F808F /* UserDetailViewController.swift */; };
		307D58362057C71E00BA0B83 /* Assets.xcassets in Resources */ = {isa = PBXBuildFile; fileRef = 307D58352057C71E00BA0B83 /* Assets.xcassets */; };
		307D58392057D66E00BA0B83 /* Utils.swift in Sources */ = {isa = PBXBuildFile; fileRef = 307D58382057D66E00BA0B83 /* Utils.swift */; };
		307D583B2057D68400BA0B83 /* Constant.swift in Sources */ = {isa = PBXBuildFile; fileRef = 307D583A2057D68400BA0B83 /* Constant.swift */; };
		3084F09A20923ED9009B9E21 /* ExitsUsersCell.swift in Sources */ = {isa = PBXBuildFile; fileRef = 3084F09820923ED9009B9E21 /* ExitsUsersCell.swift */; };
		3084F09B20923ED9009B9E21 /* ExitsUsersCell.xib in Resources */ = {isa = PBXBuildFile; fileRef = 3084F09920923ED9009B9E21 /* ExitsUsersCell.xib */; };
		3084F09E20923F15009B9E21 /* FindUserCell.swift in Sources */ = {isa = PBXBuildFile; fileRef = 3084F09C20923F15009B9E21 /* FindUserCell.swift */; };
		3084F09F20923F15009B9E21 /* FindUserCell.xib in Resources */ = {isa = PBXBuildFile; fileRef = 3084F09D20923F15009B9E21 /* FindUserCell.xib */; };
		308532F120A046D7002C3C35 /* ExistingChannelCell.swift in Sources */ = {isa = PBXBuildFile; fileRef = 308532EF20A046D7002C3C35 /* ExistingChannelCell.swift */; };
		308532F220A046D7002C3C35 /* ExistingChannelCell.xib in Resources */ = {isa = PBXBuildFile; fileRef = 308532F020A046D7002C3C35 /* ExistingChannelCell.xib */; };
		BB53557F1BEF765800321277 /* Main.storyboard in Resources */ = {isa = PBXBuildFile; fileRef = BB53557D1BEF765800321277 /* Main.storyboard */; };
		BB5355841BEF765800321277 /* LaunchScreen.storyboard in Resources */ = {isa = PBXBuildFile; fileRef = BB5355821BEF765800321277 /* LaunchScreen.storyboard */; };
		EABD61331C11C39B8B7802C6 /* Pods_ChatChat.framework in Frameworks */ = {isa = PBXBuildFile; fileRef = 264333317F05D83ABA2F87DC /* Pods_ChatChat.framework */; };
/* End PBXBuildFile section */

/* Begin PBXFileReference section */
		0B7047FF164B433B0C2EC3E8 /* Pods-ChatChat.debug.xcconfig */ = {isa = PBXFileReference; includeInIndex = 1; lastKnownFileType = text.xcconfig; name = "Pods-ChatChat.debug.xcconfig"; path = "Pods/Target Support Files/Pods-ChatChat/Pods-ChatChat.debug.xcconfig"; sourceTree = "<group>"; };
		264333317F05D83ABA2F87DC /* Pods_ChatChat.framework */ = {isa = PBXFileReference; explicitFileType = wrapper.framework; includeInIndex = 0; path = Pods_ChatChat.framework; sourceTree = BUILT_PRODUCTS_DIR; };
		303F3609205684C50071BD70 /* User.swift */ = {isa = PBXFileReference; fileEncoding = 4; lastKnownFileType = sourcecode.swift; name = User.swift; path = Model/User.swift; sourceTree = "<group>"; };
		303F360A205684C50071BD70 /* Channel.swift */ = {isa = PBXFileReference; fileEncoding = 4; lastKnownFileType = sourcecode.swift; name = Channel.swift; path = Model/Channel.swift; sourceTree = "<group>"; };
		303F360D205684D80071BD70 /* ChatViewController.swift */ = {isa = PBXFileReference; fileEncoding = 4; lastKnownFileType = sourcecode.swift; name = ChatViewController.swift; path = Controller/ChatViewController.swift; sourceTree = "<group>"; };
		303F360E205684D80071BD70 /* ChannelListViewController.swift */ = {isa = PBXFileReference; fileEncoding = 4; lastKnownFileType = sourcecode.swift; name = ChannelListViewController.swift; path = Controller/ChannelListViewController.swift; sourceTree = "<group>"; };
		303F360F205684D80071BD70 /* LoginViewController.swift */ = {isa = PBXFileReference; fileEncoding = 4; lastKnownFileType = sourcecode.swift; name = LoginViewController.swift; path = Controller/LoginViewController.swift; sourceTree = "<group>"; };
		303F3615205685DB0071BD70 /* Info.plist */ = {isa = PBXFileReference; fileEncoding = 4; lastKnownFileType = text.plist.xml; name = Info.plist; path = "Supporting Files/Info.plist"; sourceTree = "<group>"; };
		303F3616205685DB0071BD70 /* UIImage+Gif.swift */ = {isa = PBXFileReference; fileEncoding = 4; lastKnownFileType = sourcecode.swift; name = "UIImage+Gif.swift"; path = "Supporting Files/UIImage+Gif.swift"; sourceTree = "<group>"; };
		303F3617205685DB0071BD70 /* GoogleService-Info.plist */ = {isa = PBXFileReference; fileEncoding = 4; lastKnownFileType = text.plist.xml; name = "GoogleService-Info.plist"; path = "ChatChat/Supporting Files/GoogleService-Info.plist"; sourceTree = "<group>"; };
		303F3618205685DB0071BD70 /* AppDelegate.swift */ = {isa = PBXFileReference; fileEncoding = 4; lastKnownFileType = sourcecode.swift; name = AppDelegate.swift; path = "Supporting Files/AppDelegate.swift"; sourceTree = "<group>"; };
		303F3619205685DB0071BD70 /* AppConfig.swift */ = {isa = PBXFileReference; fileEncoding = 4; lastKnownFileType = sourcecode.swift; name = AppConfig.swift; path = "Supporting Files/AppConfig.swift"; sourceTree = "<group>"; };
		303F361B205685DC0071BD70 /* License */ = {isa = PBXFileReference; fileEncoding = 4; lastKnownFileType = text; name = License; path = "Supporting Files/License"; sourceTree = "<group>"; };
		303F361C205685DC0071BD70 /* ChatChat-Bridging-Header.h */ = {isa = PBXFileReference; fileEncoding = 4; lastKnownFileType = sourcecode.c.h; name = "ChatChat-Bridging-Header.h"; path = "Supporting Files/ChatChat-Bridging-Header.h"; sourceTree = "<group>"; };
		3045B848207BB8BF007F808F /* SearchUserTableViewController.swift */ = {isa = PBXFileReference; lastKnownFileType = sourcecode.swift; name = SearchUserTableViewController.swift; path = Controller/SearchUserTableViewController.swift; sourceTree = "<group>"; };
		3045B84C207BBEB0007F808F /* UserDetailViewController.swift */ = {isa = PBXFileReference; lastKnownFileType = sourcecode.swift; name = UserDetailViewController.swift; path = Controller/UserDetailViewController.swift; sourceTree = "<group>"; };
		307D58352057C71E00BA0B83 /* Assets.xcassets */ = {isa = PBXFileReference; lastKnownFileType = folder.assetcatalog; path = Assets.xcassets; sourceTree = "<group>"; };
		307D58382057D66E00BA0B83 /* Utils.swift */ = {isa = PBXFileReference; fileEncoding = 4; lastKnownFileType = sourcecode.swift; name = Utils.swift; path = Common/Utils.swift; sourceTree = "<group>"; };
		307D583A2057D68400BA0B83 /* Constant.swift */ = {isa = PBXFileReference; lastKnownFileType = sourcecode.swift; name = Constant.swift; path = Common/Constant.swift; sourceTree = "<group>"; };
		3084F09820923ED9009B9E21 /* ExitsUsersCell.swift */ = {isa = PBXFileReference; lastKnownFileType = sourcecode.swift; name = ExitsUsersCell.swift; path = Layout/ExitsUsersCell.swift; sourceTree = "<group>"; };
		3084F09920923ED9009B9E21 /* ExitsUsersCell.xib */ = {isa = PBXFileReference; lastKnownFileType = file.xib; name = ExitsUsersCell.xib; path = Layout/ExitsUsersCell.xib; sourceTree = "<group>"; };
		3084F09C20923F15009B9E21 /* FindUserCell.swift */ = {isa = PBXFileReference; lastKnownFileType = sourcecode.swift; name = FindUserCell.swift; path = Layout/FindUserCell.swift; sourceTree = "<group>"; };
		3084F09D20923F15009B9E21 /* FindUserCell.xib */ = {isa = PBXFileReference; lastKnownFileType = file.xib; name = FindUserCell.xib; path = Layout/FindUserCell.xib; sourceTree = "<group>"; };
		308532EF20A046D7002C3C35 /* ExistingChannelCell.swift */ = {isa = PBXFileReference; lastKnownFileType = sourcecode.swift; name = ExistingChannelCell.swift; path = Controller/ExistingChannelCell.swift; sourceTree = "<group>"; };
		308532F020A046D7002C3C35 /* ExistingChannelCell.xib */ = {isa = PBXFileReference; lastKnownFileType = file.xib; name = ExistingChannelCell.xib; path = Controller/ExistingChannelCell.xib; sourceTree = "<group>"; };
		3096461B205686E2000CC403 /* ChatChat.entitlements */ = {isa = PBXFileReference; fileEncoding = 4; lastKnownFileType = text.plist.entitlements; name = ChatChat.entitlements; path = ChatChat/ChatChat.entitlements; sourceTree = "<group>"; };
		BB5355761BEF765800321277 /* ChatChat.app */ = {isa = PBXFileReference; explicitFileType = wrapper.application; includeInIndex = 0; path = ChatChat.app; sourceTree = BUILT_PRODUCTS_DIR; };
		BB53557E1BEF765800321277 /* Base */ = {isa = PBXFileReference; lastKnownFileType = file.storyboard; name = Base; path = Base.lproj/Main.storyboard; sourceTree = "<group>"; };
		BB5355831BEF765800321277 /* Base */ = {isa = PBXFileReference; lastKnownFileType = file.storyboard; name = Base; path = Base.lproj/LaunchScreen.storyboard; sourceTree = "<group>"; };
		CFC8BFEDB41031226BED33E3 /* Pods-ChatChat.release.xcconfig */ = {isa = PBXFileReference; includeInIndex = 1; lastKnownFileType = text.xcconfig; name = "Pods-ChatChat.release.xcconfig"; path = "Pods/Target Support Files/Pods-ChatChat/Pods-ChatChat.release.xcconfig"; sourceTree = "<group>"; };
		E8DDF38A1BEF88DC00B5F45A /* Accounts.framework */ = {isa = PBXFileReference; lastKnownFileType = wrapper.framework; name = Accounts.framework; path = System/Library/Frameworks/Accounts.framework; sourceTree = SDKROOT; };
		E8DDF38C1BEF88E200B5F45A /* Social.framework */ = {isa = PBXFileReference; lastKnownFileType = wrapper.framework; name = Social.framework; path = System/Library/Frameworks/Social.framework; sourceTree = SDKROOT; };
/* End PBXFileReference section */

/* Begin PBXFrameworksBuildPhase section */
		BB5355731BEF765800321277 /* Frameworks */ = {
			isa = PBXFrameworksBuildPhase;
			buildActionMask = 2147483647;
			files = (
				EABD61331C11C39B8B7802C6 /* Pods_ChatChat.framework in Frameworks */,
			);
			runOnlyForDeploymentPostprocessing = 0;
		};
/* End PBXFrameworksBuildPhase section */

/* Begin PBXGroup section */
		307D58372057D66100BA0B83 /* Common */ = {
			isa = PBXGroup;
			children = (
				307D58382057D66E00BA0B83 /* Utils.swift */,
				307D583A2057D68400BA0B83 /* Constant.swift */,
			);
			name = Common;
			sourceTree = "<group>";
		};
		45A0D8FF1D4BB5DD00F26729 /* Model */ = {
			isa = PBXGroup;
			children = (
				303F360A205684C50071BD70 /* Channel.swift */,
				303F3609205684C50071BD70 /* User.swift */,
			);
			name = Model;
			sourceTree = "<group>";
		};
		97CEDEF6DA0B51A3522B766A /* Frameworks */ = {
			isa = PBXGroup;
			children = (
				E8DDF38C1BEF88E200B5F45A /* Social.framework */,
				E8DDF38A1BEF88DC00B5F45A /* Accounts.framework */,
				264333317F05D83ABA2F87DC /* Pods_ChatChat.framework */,
			);
			name = Frameworks;
			sourceTree = "<group>";
		};
		B30560C6A5E5FFDB3860EED5 /* Pods */ = {
			isa = PBXGroup;
			children = (
				0B7047FF164B433B0C2EC3E8 /* Pods-ChatChat.debug.xcconfig */,
				CFC8BFEDB41031226BED33E3 /* Pods-ChatChat.release.xcconfig */,
			);
			name = Pods;
			sourceTree = "<group>";
		};
		BB53556D1BEF765800321277 = {
			isa = PBXGroup;
			children = (
				3096461B205686E2000CC403 /* ChatChat.entitlements */,
				303F3617205685DB0071BD70 /* GoogleService-Info.plist */,
				BB5355781BEF765800321277 /* ChatChat */,
				BB5355911BEF817A00321277 /* Supporting Files */,
				BB5355771BEF765800321277 /* Products */,
				97CEDEF6DA0B51A3522B766A /* Frameworks */,
				B30560C6A5E5FFDB3860EED5 /* Pods */,
			);
			sourceTree = "<group>";
		};
		BB5355771BEF765800321277 /* Products */ = {
			isa = PBXGroup;
			children = (
				BB5355761BEF765800321277 /* ChatChat.app */,
			);
			name = Products;
			sourceTree = "<group>";
		};
		BB5355781BEF765800321277 /* ChatChat */ = {
			isa = PBXGroup;
			children = (
				307D58372057D66100BA0B83 /* Common */,
				45A0D8FF1D4BB5DD00F26729 /* Model */,
				BB5355901BEF816500321277 /* Controller */,
				BB5355921BEF818700321277 /* Layout */,
			);
			path = ChatChat;
			sourceTree = "<group>";
		};
		BB5355901BEF816500321277 /* Controller */ = {
			isa = PBXGroup;
			children = (
				303F360E205684D80071BD70 /* ChannelListViewController.swift */,
				303F360D205684D80071BD70 /* ChatViewController.swift */,
				303F360F205684D80071BD70 /* LoginViewController.swift */,
				3045B848207BB8BF007F808F /* SearchUserTableViewController.swift */,
				3045B84C207BBEB0007F808F /* UserDetailViewController.swift */,
				3084F09C20923F15009B9E21 /* FindUserCell.swift */,
				3084F09820923ED9009B9E21 /* ExitsUsersCell.swift */,
				308532EF20A046D7002C3C35 /* ExistingChannelCell.swift */,
			);
			name = Controller;
			sourceTree = "<group>";
		};
		BB5355911BEF817A00321277 /* Supporting Files */ = {
			isa = PBXGroup;
			children = (
				303F3619205685DB0071BD70 /* AppConfig.swift */,
				303F3618205685DB0071BD70 /* AppDelegate.swift */,
				303F361C205685DC0071BD70 /* ChatChat-Bridging-Header.h */,
				303F3615205685DB0071BD70 /* Info.plist */,
				303F361B205685DC0071BD70 /* License */,
				303F3616205685DB0071BD70 /* UIImage+Gif.swift */,
				307D58352057C71E00BA0B83 /* Assets.xcassets */,
			);
			name = "Supporting Files";
			path = ChatChat;
			sourceTree = "<group>";
		};
		BB5355921BEF818700321277 /* Layout */ = {
			isa = PBXGroup;
			children = (
				BB53557D1BEF765800321277 /* Main.storyboard */,
				BB5355821BEF765800321277 /* LaunchScreen.storyboard */,
				3084F09920923ED9009B9E21 /* ExitsUsersCell.xib */,
				3084F09D20923F15009B9E21 /* FindUserCell.xib */,
				308532F020A046D7002C3C35 /* ExistingChannelCell.xib */,
			);
			name = Layout;
			sourceTree = "<group>";
		};
/* End PBXGroup section */

/* Begin PBXNativeTarget section */
		BB5355751BEF765800321277 /* ChatChat */ = {
			isa = PBXNativeTarget;
			buildConfigurationList = BB5355881BEF765800321277 /* Build configuration list for PBXNativeTarget "ChatChat" */;
			buildPhases = (
				BFB6EB4EAE22B9CE7B387507 /* [CP] Check Pods Manifest.lock */,
				BB5355721BEF765800321277 /* Sources */,
				BB5355731BEF765800321277 /* Frameworks */,
				BB5355741BEF765800321277 /* Resources */,
				FA9B8C0CA480F67ABEB32112 /* [CP] Embed Pods Frameworks */,
				6B5B2EA2E81AB7F55A180ADB /* [CP] Copy Pods Resources */,
			);
			buildRules = (
			);
			dependencies = (
			);
			name = ChatChat;
			productName = ChatChat;
			productReference = BB5355761BEF765800321277 /* ChatChat.app */;
			productType = "com.apple.product-type.application";
		};
/* End PBXNativeTarget section */

/* Begin PBXProject section */
		BB53556E1BEF765800321277 /* Project object */ = {
			isa = PBXProject;
			attributes = {
				LastSwiftUpdateCheck = 0700;
				LastUpgradeCheck = 0920;
				ORGANIZATIONNAME = "Razeware LLC";
				TargetAttributes = {
					BB5355751BEF765800321277 = {
						CreatedOnToolsVersion = 7.0;
						DevelopmentTeam = 25ZS53YZR8;
						LastSwiftMigration = 0800;
						SystemCapabilities = {
							com.apple.Keychain = {
								enabled = 0;
							};
						};
					};
				};
			};
			buildConfigurationList = BB5355711BEF765800321277 /* Build configuration list for PBXProject "ChatChat" */;
			compatibilityVersion = "Xcode 3.2";
			developmentRegion = English;
			hasScannedForEncodings = 0;
			knownRegions = (
				en,
				Base,
			);
			mainGroup = BB53556D1BEF765800321277;
			productRefGroup = BB5355771BEF765800321277 /* Products */;
			projectDirPath = "";
			projectRoot = "";
			targets = (
				BB5355751BEF765800321277 /* ChatChat */,
			);
		};
/* End PBXProject section */

/* Begin PBXResourcesBuildPhase section */
		BB5355741BEF765800321277 /* Resources */ = {
			isa = PBXResourcesBuildPhase;
			buildActionMask = 2147483647;
			files = (
				BB5355841BEF765800321277 /* LaunchScreen.storyboard in Resources */,
				303F3622205685DC0071BD70 /* License in Resources */,
				3084F09B20923ED9009B9E21 /* ExitsUsersCell.xib in Resources */,
				BB53557F1BEF765800321277 /* Main.storyboard in Resources */,
				308532F220A046D7002C3C35 /* ExistingChannelCell.xib in Resources */,
				307D58362057C71E00BA0B83 /* Assets.xcassets in Resources */,
				303F361F205685DC0071BD70 /* GoogleService-Info.plist in Resources */,
				3084F09F20923F15009B9E21 /* FindUserCell.xib in Resources */,
			);
			runOnlyForDeploymentPostprocessing = 0;
		};
/* End PBXResourcesBuildPhase section */

/* Begin PBXShellScriptBuildPhase section */
		6B5B2EA2E81AB7F55A180ADB /* [CP] Copy Pods Resources */ = {
			isa = PBXShellScriptBuildPhase;
			buildActionMask = 2147483647;
			files = (
			);
			inputPaths = (
				"${SRCROOT}/Pods/Target Support Files/Pods-ChatChat/Pods-ChatChat-resources.sh",
				"${PODS_ROOT}/GoogleSignIn/Resources/GoogleSignIn.bundle",
			);
			name = "[CP] Copy Pods Resources";
			outputPaths = (
				"${TARGET_BUILD_DIR}/${UNLOCALIZED_RESOURCES_FOLDER_PATH}",
			);
			runOnlyForDeploymentPostprocessing = 0;
			shellPath = /bin/sh;
			shellScript = "\"${SRCROOT}/Pods/Target Support Files/Pods-ChatChat/Pods-ChatChat-resources.sh\"\n";
			showEnvVarsInLog = 0;
		};
		BFB6EB4EAE22B9CE7B387507 /* [CP] Check Pods Manifest.lock */ = {
			isa = PBXShellScriptBuildPhase;
			buildActionMask = 2147483647;
			files = (
			);
			inputPaths = (
				"${PODS_PODFILE_DIR_PATH}/Podfile.lock",
				"${PODS_ROOT}/Manifest.lock",
			);
			name = "[CP] Check Pods Manifest.lock";
			outputPaths = (
				"$(DERIVED_FILE_DIR)/Pods-ChatChat-checkManifestLockResult.txt",
			);
			runOnlyForDeploymentPostprocessing = 0;
			shellPath = /bin/sh;
			shellScript = "diff \"${PODS_PODFILE_DIR_PATH}/Podfile.lock\" \"${PODS_ROOT}/Manifest.lock\" > /dev/null\nif [ $? != 0 ] ; then\n    # print error to STDERR\n    echo \"error: The sandbox is not in sync with the Podfile.lock. Run 'pod install' or update your CocoaPods installation.\" >&2\n    exit 1\nfi\n# This output is used by Xcode 'outputs' to avoid re-running this script phase.\necho \"SUCCESS\" > \"${SCRIPT_OUTPUT_FILE_0}\"\n";
			showEnvVarsInLog = 0;
		};
		FA9B8C0CA480F67ABEB32112 /* [CP] Embed Pods Frameworks */ = {
			isa = PBXShellScriptBuildPhase;
			buildActionMask = 2147483647;
			files = (
			);
			inputPaths = (
				"${SRCROOT}/Pods/Target Support Files/Pods-ChatChat/Pods-ChatChat-frameworks.sh",
				"${BUILT_PRODUCTS_DIR}/GTMOAuth2/GTMOAuth2.framework",
				"${BUILT_PRODUCTS_DIR}/GTMSessionFetcher/GTMSessionFetcher.framework",
				"${BUILT_PRODUCTS_DIR}/GoogleToolboxForMac/GoogleToolboxForMac.framework",
				"${BUILT_PRODUCTS_DIR}/JSQMessagesViewController/JSQMessagesViewController.framework",
				"${BUILT_PRODUCTS_DIR}/JSQSystemSoundPlayer/JSQSystemSoundPlayer.framework",
				"${BUILT_PRODUCTS_DIR}/NVActivityIndicatorView/NVActivityIndicatorView.framework",
				"${BUILT_PRODUCTS_DIR}/SDWebImage/SDWebImage.framework",
				"${BUILT_PRODUCTS_DIR}/SVProgressHUD/SVProgressHUD.framework",
				"${BUILT_PRODUCTS_DIR}/Spring/Spring.framework",
			);
			name = "[CP] Embed Pods Frameworks";
			outputPaths = (
				"${TARGET_BUILD_DIR}/${FRAMEWORKS_FOLDER_PATH}/GTMOAuth2.framework",
				"${TARGET_BUILD_DIR}/${FRAMEWORKS_FOLDER_PATH}/GTMSessionFetcher.framework",
				"${TARGET_BUILD_DIR}/${FRAMEWORKS_FOLDER_PATH}/GoogleToolboxForMac.framework",
				"${TARGET_BUILD_DIR}/${FRAMEWORKS_FOLDER_PATH}/JSQMessagesViewController.framework",
				"${TARGET_BUILD_DIR}/${FRAMEWORKS_FOLDER_PATH}/JSQSystemSoundPlayer.framework",
				"${TARGET_BUILD_DIR}/${FRAMEWORKS_FOLDER_PATH}/NVActivityIndicatorView.framework",
				"${TARGET_BUILD_DIR}/${FRAMEWORKS_FOLDER_PATH}/SDWebImage.framework",
				"${TARGET_BUILD_DIR}/${FRAMEWORKS_FOLDER_PATH}/SVProgressHUD.framework",
				"${TARGET_BUILD_DIR}/${FRAMEWORKS_FOLDER_PATH}/Spring.framework",
			);
			runOnlyForDeploymentPostprocessing = 0;
			shellPath = /bin/sh;
			shellScript = "\"${SRCROOT}/Pods/Target Support Files/Pods-ChatChat/Pods-ChatChat-frameworks.sh\"\n";
			showEnvVarsInLog = 0;
		};
/* End PBXShellScriptBuildPhase section */

/* Begin PBXSourcesBuildPhase section */
		BB5355721BEF765800321277 /* Sources */ = {
			isa = PBXSourcesBuildPhase;
			buildActionMask = 2147483647;
			files = (
				303F3621205685DC0071BD70 /* AppConfig.swift in Sources */,
				3045B84A207BB8BF007F808F /* SearchUserTableViewController.swift in Sources */,
				3045B84D207BBEB0007F808F /* UserDetailViewController.swift in Sources */,
				303F3620205685DC0071BD70 /* AppDelegate.swift in Sources */,
				303F3612205684D80071BD70 /* LoginViewController.swift in Sources */,
				303F361E205685DC0071BD70 /* UIImage+Gif.swift in Sources */,
				3084F09A20923ED9009B9E21 /* ExitsUsersCell.swift in Sources */,
				3084F09E20923F15009B9E21 /* FindUserCell.swift in Sources */,
				307D58392057D66E00BA0B83 /* Utils.swift in Sources */,
				303F360C205684C60071BD70 /* Channel.swift in Sources */,
				303F360B205684C60071BD70 /* User.swift in Sources */,
				307D583B2057D68400BA0B83 /* Constant.swift in Sources */,
				308532F120A046D7002C3C35 /* ExistingChannelCell.swift in Sources */,
				303F3610205684D80071BD70 /* ChatViewController.swift in Sources */,
				303F3611205684D80071BD70 /* ChannelListViewController.swift in Sources */,
			);
			runOnlyForDeploymentPostprocessing = 0;
		};
/* End PBXSourcesBuildPhase section */

/* Begin PBXVariantGroup section */
		BB53557D1BEF765800321277 /* Main.storyboard */ = {
			isa = PBXVariantGroup;
			children = (
				BB53557E1BEF765800321277 /* Base */,
			);
			name = Main.storyboard;
			sourceTree = "<group>";
		};
		BB5355821BEF765800321277 /* LaunchScreen.storyboard */ = {
			isa = PBXVariantGroup;
			children = (
				BB5355831BEF765800321277 /* Base */,
			);
			name = LaunchScreen.storyboard;
			sourceTree = "<group>";
		};
/* End PBXVariantGroup section */

/* Begin XCBuildConfiguration section */
		BB5355861BEF765800321277 /* Debug */ = {
			isa = XCBuildConfiguration;
			buildSettings = {
				ALWAYS_SEARCH_USER_PATHS = NO;
				CLANG_CXX_LANGUAGE_STANDARD = "gnu++0x";
				CLANG_CXX_LIBRARY = "libc++";
				CLANG_ENABLE_MODULES = YES;
				CLANG_ENABLE_OBJC_ARC = YES;
				CLANG_WARN_BLOCK_CAPTURE_AUTORELEASING = YES;
				CLANG_WARN_BOOL_CONVERSION = YES;
				CLANG_WARN_COMMA = YES;
				CLANG_WARN_CONSTANT_CONVERSION = YES;
				CLANG_WARN_DIRECT_OBJC_ISA_USAGE = YES_ERROR;
				CLANG_WARN_EMPTY_BODY = YES;
				CLANG_WARN_ENUM_CONVERSION = YES;
				CLANG_WARN_INFINITE_RECURSION = YES;
				CLANG_WARN_INT_CONVERSION = YES;
				CLANG_WARN_NON_LITERAL_NULL_CONVERSION = YES;
				CLANG_WARN_OBJC_LITERAL_CONVERSION = YES;
				CLANG_WARN_OBJC_ROOT_CLASS = YES_ERROR;
				CLANG_WARN_RANGE_LOOP_ANALYSIS = YES;
				CLANG_WARN_STRICT_PROTOTYPES = YES;
				CLANG_WARN_SUSPICIOUS_MOVE = YES;
				CLANG_WARN_UNREACHABLE_CODE = YES;
				CLANG_WARN__DUPLICATE_METHOD_MATCH = YES;
				"CODE_SIGN_IDENTITY[sdk=iphoneos*]" = "iPhone Developer";
				COPY_PHASE_STRIP = NO;
				DEBUG_INFORMATION_FORMAT = dwarf;
				ENABLE_STRICT_OBJC_MSGSEND = YES;
				ENABLE_TESTABILITY = YES;
				GCC_C_LANGUAGE_STANDARD = gnu99;
				GCC_DYNAMIC_NO_PIC = NO;
				GCC_NO_COMMON_BLOCKS = YES;
				GCC_OPTIMIZATION_LEVEL = 0;
				GCC_PREPROCESSOR_DEFINITIONS = (
					"DEBUG=1",
					"$(inherited)",
				);
				GCC_WARN_64_TO_32_BIT_CONVERSION = YES;
				GCC_WARN_ABOUT_RETURN_TYPE = YES_ERROR;
				GCC_WARN_UNDECLARED_SELECTOR = YES;
				GCC_WARN_UNINITIALIZED_AUTOS = YES_AGGRESSIVE;
				GCC_WARN_UNUSED_FUNCTION = YES;
				GCC_WARN_UNUSED_VARIABLE = YES;
				IPHONEOS_DEPLOYMENT_TARGET = 9.0;
				MTL_ENABLE_DEBUG_INFO = YES;
				ONLY_ACTIVE_ARCH = YES;
				PRODUCT_NAME = RIC;
				SDKROOT = iphoneos;
				SWIFT_OPTIMIZATION_LEVEL = "-Onone";
			};
			name = Debug;
		};
		BB5355871BEF765800321277 /* Release */ = {
			isa = XCBuildConfiguration;
			buildSettings = {
				ALWAYS_SEARCH_USER_PATHS = NO;
				CLANG_CXX_LANGUAGE_STANDARD = "gnu++0x";
				CLANG_CXX_LIBRARY = "libc++";
				CLANG_ENABLE_MODULES = YES;
				CLANG_ENABLE_OBJC_ARC = YES;
				CLANG_WARN_BLOCK_CAPTURE_AUTORELEASING = YES;
				CLANG_WARN_BOOL_CONVERSION = YES;
				CLANG_WARN_COMMA = YES;
				CLANG_WARN_CONSTANT_CONVERSION = YES;
				CLANG_WARN_DIRECT_OBJC_ISA_USAGE = YES_ERROR;
				CLANG_WARN_EMPTY_BODY = YES;
				CLANG_WARN_ENUM_CONVERSION = YES;
				CLANG_WARN_INFINITE_RECURSION = YES;
				CLANG_WARN_INT_CONVERSION = YES;
				CLANG_WARN_NON_LITERAL_NULL_CONVERSION = YES;
				CLANG_WARN_OBJC_LITERAL_CONVERSION = YES;
				CLANG_WARN_OBJC_ROOT_CLASS = YES_ERROR;
				CLANG_WARN_RANGE_LOOP_ANALYSIS = YES;
				CLANG_WARN_STRICT_PROTOTYPES = YES;
				CLANG_WARN_SUSPICIOUS_MOVE = YES;
				CLANG_WARN_UNREACHABLE_CODE = YES;
				CLANG_WARN__DUPLICATE_METHOD_MATCH = YES;
				"CODE_SIGN_IDENTITY[sdk=iphoneos*]" = "iPhone Developer";
				COPY_PHASE_STRIP = NO;
				DEBUG_INFORMATION_FORMAT = "dwarf-with-dsym";
				ENABLE_NS_ASSERTIONS = NO;
				ENABLE_STRICT_OBJC_MSGSEND = YES;
				GCC_C_LANGUAGE_STANDARD = gnu99;
				GCC_NO_COMMON_BLOCKS = YES;
				GCC_WARN_64_TO_32_BIT_CONVERSION = YES;
				GCC_WARN_ABOUT_RETURN_TYPE = YES_ERROR;
				GCC_WARN_UNDECLARED_SELECTOR = YES;
				GCC_WARN_UNINITIALIZED_AUTOS = YES_AGGRESSIVE;
				GCC_WARN_UNUSED_FUNCTION = YES;
				GCC_WARN_UNUSED_VARIABLE = YES;
				IPHONEOS_DEPLOYMENT_TARGET = 9.0;
				MTL_ENABLE_DEBUG_INFO = NO;
				PRODUCT_NAME = RIC;
				SDKROOT = iphoneos;
				VALIDATE_PRODUCT = YES;
			};
			name = Release;
		};
		BB5355891BEF765800321277 /* Debug */ = {
			isa = XCBuildConfiguration;
			baseConfigurationReference = 0B7047FF164B433B0C2EC3E8 /* Pods-ChatChat.debug.xcconfig */;
			buildSettings = {
				ALWAYS_EMBED_SWIFT_STANDARD_LIBRARIES = YES;
				ASSETCATALOG_COMPILER_APPICON_NAME = AppIcon;
				CLANG_ENABLE_MODULES = YES;
				CODE_SIGN_IDENTITY = "iPhone Developer";
				"CODE_SIGN_IDENTITY[sdk=iphoneos*]" = "iPhone Developer";
				DEVELOPMENT_TEAM = 25ZS53YZR8;
				ENABLE_BITCODE = NO;
				INFOPLIST_FILE = "$(SRCROOT)/ChatChat/Supporting Files/Info.plist";
				IPHONEOS_DEPLOYMENT_TARGET = 9.3;
				LD_RUNPATH_SEARCH_PATHS = "$(inherited) @executable_path/Frameworks";
				PRODUCT_BUNDLE_IDENTIFIER = "team1.ktpm2-k10.haui";
				PRODUCT_NAME = "$(TARGET_NAME)";
				PROVISIONING_PROFILE = "";
				SWIFT_OBJC_BRIDGING_HEADER = "ChatChat/Supporting Files/ChatChat-Bridging-Header.h";
				SWIFT_OPTIMIZATION_LEVEL = "-Onone";
				SWIFT_VERSION = 4.0;
			};
			name = Debug;
		};
		BB53558A1BEF765800321277 /* Release */ = {
			isa = XCBuildConfiguration;
			baseConfigurationReference = CFC8BFEDB41031226BED33E3 /* Pods-ChatChat.release.xcconfig */;
			buildSettings = {
				ALWAYS_EMBED_SWIFT_STANDARD_LIBRARIES = YES;
				ASSETCATALOG_COMPILER_APPICON_NAME = AppIcon;
				CLANG_ENABLE_MODULES = YES;
				CODE_SIGN_IDENTITY = "iPhone Developer";
				"CODE_SIGN_IDENTITY[sdk=iphoneos*]" = "iPhone Developer";
				DEVELOPMENT_TEAM = 25ZS53YZR8;
				ENABLE_BITCODE = NO;
				INFOPLIST_FILE = "$(SRCROOT)/ChatChat/Supporting Files/Info.plist";
				IPHONEOS_DEPLOYMENT_TARGET = 9.3;
				LD_RUNPATH_SEARCH_PATHS = "$(inherited) @executable_path/Frameworks";
				PRODUCT_BUNDLE_IDENTIFIER = "team1.ktpm2-k10.haui";
				PRODUCT_NAME = "$(TARGET_NAME)";
				PROVISIONING_PROFILE = "";
				SWIFT_OBJC_BRIDGING_HEADER = "ChatChat/Supporting Files/ChatChat-Bridging-Header.h";
				SWIFT_OPTIMIZATION_LEVEL = "-Owholemodule";
				SWIFT_VERSION = 4.0;
			};
			name = Release;
		};
/* End XCBuildConfiguration section */

/* Begin XCConfigurationList section */
		BB5355711BEF765800321277 /* Build configuration list for PBXProject "ChatChat" */ = {
			isa = XCConfigurationList;
			buildConfigurations = (
				BB5355861BEF765800321277 /* Debug */,
				BB5355871BEF765800321277 /* Release */,
			);
			defaultConfigurationIsVisible = 0;
			defaultConfigurationName = Release;
		};
		BB5355881BEF765800321277 /* Build configuration list for PBXNativeTarget "ChatChat" */ = {
			isa = XCConfigurationList;
			buildConfigurations = (
				BB5355891BEF765800321277 /* Debug */,
				BB53558A1BEF765800321277 /* Release */,
			);
			defaultConfigurationIsVisible = 0;
			defaultConfigurationName = Release;
		};
/* End XCConfigurationList section */
	};
	rootObject = BB53556E1BEF765800321277 /* Project object */;
}
